{
  "name": "error",
  "version": "1.0.0",
  "lockfileVersion": 1,
  "requires": true,
  "dependencies": {
    "JSONStream": {
      "version": "1.3.1",
      "resolved": "https://registry.npmjs.org/JSONStream/-/JSONStream-1.3.1.tgz",
      "integrity": "sha1-cH92HgHa6eFvG8+TcDt4xwlmV5o=",
      "requires": {
        "jsonparse": "1.3.1",
        "through": "2.3.8"
      }
    },
    "asch-js": {
      "version": "git+https://github.com/a1300/asch-js.git#6fdea73940756a1cdeac115bb952d081873dae08",
      "requires": {
        "JSONStream": "1.3.1",
        "browserify-bignum": "1.3.0-2",
        "buffer": "4.7.0",
        "bytebuffer": "5.0.1",
        "fast-sha256": "1.0.0",
        "ripemd160": "2.0.1",
        "through2": "2.0.3",
        "tweetnacl": "1.0.0"
      }
    },
    "axios": {
      "version": "0.18.0",
      "resolved": "https://registry.npmjs.org/axios/-/axios-0.18.0.tgz",
      "integrity": "sha1-MtU+SFHv3AoRmTts0AB4nXDAUQI=",
      "requires": {
        "follow-redirects": "1.5.2",
        "is-buffer": "1.1.6"
      }
    },
    "base64-js": {
      "version": "1.3.0",
      "resolved": "https://registry.npmjs.org/base64-js/-/base64-js-1.3.0.tgz",
      "integrity": "sha512-ccav/yGvoa80BQDljCxsmmQ3Xvx60/UpBIij5QN21W3wBi/hhIC9OoO+KLpu9IJTS9j4DRVJ3aDDF9cMSoa2lw=="
    },
    "browserify-bignum": {
      "version": "1.3.0-2",
      "resolved": "https://registry.npmjs.org/browserify-bignum/-/browserify-bignum-1.3.0-2.tgz",
      "integrity": "sha1-3cO27WB/1slglmlQ4rNaKwxvub8="
    },
    "buffer": {
      "version": "4.7.0",
      "resolved": "https://registry.npmjs.org/buffer/-/buffer-4.7.0.tgz",
      "integrity": "sha1-8yynh8uqyIpisjD3BA7kMWVccfM=",
      "requires": {
        "base64-js": "1.3.0",
        "ieee754": "1.1.12",
        "isarray": "1.0.0"
      }
    },
    "bytebuffer": {
      "version": "5.0.1",
      "resolved": "https://registry.npmjs.org/bytebuffer/-/bytebuffer-5.0.1.tgz",
      "integrity": "sha1-WC7qSxqHO20CCkjVjfhfC7ps/d0=",
      "requires": {
        "long": "3.2.0"
      }
    },
    "core-util-is": {
      "version": "1.0.2",
      "resolved": "https://registry.npmjs.org/core-util-is/-/core-util-is-1.0.2.tgz",
      "integrity": "sha1-tf1UIgqivFq1eqtxQMlAdUUDwac="
    },
    "debug": {
      "version": "3.1.0",
      "resolved": "https://registry.npmjs.org/debug/-/debug-3.1.0.tgz",
      "integrity": "sha512-OX8XqP7/1a9cqkxYw2yXss15f26NKWBpDXQd0/uK/KPqdQhxbPa994hnzjcE2VqQpDslf55723cKPUOGSmMY3g==",
      "requires": {
        "ms": "2.0.0"
      }
    },
    "fast-sha256": {
      "version": "1.0.0",
      "resolved": "https://registry.npmjs.org/fast-sha256/-/fast-sha256-1.0.0.tgz",
      "integrity": "sha1-IX7cD/w2wRejfFW4flOB2ZtE0d0="
    },
    "follow-redirects": {
      "version": "1.5.2",
      "resolved": "https://registry.npmjs.org/follow-redirects/-/follow-redirects-1.5.2.tgz",
      "integrity": "sha512-kssLorP/9acIdpQ2udQVTiCS5LQmdEz9mvdIfDcl1gYX2tPKFADHSyFdvJS040XdFsPzemWtgI3q8mFVCxtX8A==",
      "requires": {
        "debug": "3.1.0"
      }
    },
    "hash-base": {
      "version": "2.0.2",
      "resolved": "https://registry.npmjs.org/hash-base/-/hash-base-2.0.2.tgz",
      "integrity": "sha1-ZuodhW206KVHDK32/OI65SRO8uE=",
      "requires": {
        "inherits": "2.0.3"
      }
    },
    "ieee754": {
      "version": "1.1.12",
      "resolved": "https://registry.npmjs.org/ieee754/-/ieee754-1.1.12.tgz",
      "integrity": "sha512-GguP+DRY+pJ3soyIiGPTvdiVXjZ+DbXOxGpXn3eMvNW4x4irjqXm4wHKscC+TfxSJ0yw/S1F24tqdMNsMZTiLA=="
    },
    "inherits": {
      "version": "2.0.3",
      "resolved": "https://registry.npmjs.org/inherits/-/inherits-2.0.3.tgz",
      "integrity": "sha1-Yzwsg+PaQqUC9SRmAiSA9CCCYd4="
    },
    "is-buffer": {
      "version": "1.1.6",
      "resolved": "https://registry.npmjs.org/is-buffer/-/is-buffer-1.1.6.tgz",
      "integrity": "sha512-NcdALwpXkTm5Zvvbk7owOUSvVvBKDgKP5/ewfXEznmQFfs4ZRmanOeKBTjRVjka3QFoN6XJ+9F3USqfHqTaU5w=="
    },
    "isarray": {
      "version": "1.0.0",
      "resolved": "https://registry.npmjs.org/isarray/-/isarray-1.0.0.tgz",
      "integrity": "sha1-u5NdSFgsuhaMBoNJV6VKPgcSTxE="
    },
    "jsonparse": {
      "version": "1.3.1",
      "resolved": "https://registry.npmjs.org/jsonparse/-/jsonparse-1.3.1.tgz",
      "integrity": "sha1-P02uSpH6wxX3EGL4UhzCOfE2YoA="
    },
    "long": {
      "version": "3.2.0",
      "resolved": "https://registry.npmjs.org/long/-/long-3.2.0.tgz",
      "integrity": "sha1-2CG3E4yhy1gcFymQ7xTbIAtcR0s="
    },
    "ms": {
      "version": "2.0.0",
      "resolved": "https://registry.npmjs.org/ms/-/ms-2.0.0.tgz",
      "integrity": "sha1-VgiurfwAvmwpAd9fmGF4jeDVl8g="
    },
    "process-nextick-args": {
      "version": "2.0.0",
      "resolved": "https://registry.npmjs.org/process-nextick-args/-/process-nextick-args-2.0.0.tgz",
      "integrity": "sha512-MtEC1TqN0EU5nephaJ4rAtThHtC86dNN9qCuEhtshvpVBkAW5ZO7BASN9REnF9eoXGcRub+pFuKEpOHE+HbEMw=="
    },
    "readable-stream": {
      "version": "2.3.6",
      "resolved": "https://registry.npmjs.org/readable-stream/-/readable-stream-2.3.6.tgz",
      "integrity": "sha512-tQtKA9WIAhBF3+VLAseyMqZeBjW0AHJoxOtYqSUZNJxauErmLbVm2FW1y+J/YA9dUrAC39ITejlZWhVIwawkKw==",
      "requires": {
        "core-util-is": "1.0.2",
        "inherits": "2.0.3",
        "isarray": "1.0.0",
        "process-nextick-args": "2.0.0",
        "safe-buffer": "5.1.2",
        "string_decoder": "1.1.1",
        "util-deprecate": "1.0.2"
      }
    },
    "ripemd160": {
      "version": "2.0.1",
      "resolved": "https://registry.npmjs.org/ripemd160/-/ripemd160-2.0.1.tgz",
      "integrity": "sha1-D0WEKVxTo2KK9+bXmsohzlfRxuc=",
      "requires": {
        "hash-base": "2.0.2",
        "inherits": "2.0.3"
      }
    },
    "safe-buffer": {
      "version": "5.1.2",
      "resolved": "https://registry.npmjs.org/safe-buffer/-/safe-buffer-5.1.2.tgz",
      "integrity": "sha512-Gd2UZBJDkXlY7GbJxfsE8/nvKkUEU1G38c1siN6QP6a9PT9MmHB8GnpscSmMJSoF8LOIrt8ud/wPtojys4G6+g=="
    },
    "string_decoder": {
      "version": "1.1.1",
      "resolved": "https://registry.npmjs.org/string_decoder/-/string_decoder-1.1.1.tgz",
      "integrity": "sha512-n/ShnvDi6FHbbVfviro+WojiFzv+s8MPMHBczVePfUpDJLwoLT0ht1l4YwBCbi8pJAveEEdnkHyPyTP/mzRfwg==",
      "requires": {
        "safe-buffer": "5.1.2"
      }
    },
    "through": {
      "version": "2.3.8",
      "resolved": "https://registry.npmjs.org/through/-/through-2.3.8.tgz",
      "integrity": "sha1-DdTJ/6q8NXlgsbckEV1+Doai4fU="
    },
    "through2": {
      "version": "2.0.3",
      "resolved": "https://registry.npmjs.org/through2/-/through2-2.0.3.tgz",
      "integrity": "sha1-AARWmzfHx0ujnEPzzteNGtlBQL4=",
      "requires": {
        "readable-stream": "2.3.6",
        "xtend": "4.0.1"
      }
    },
    "tweetnacl": {
      "version": "1.0.0",
      "resolved": "https://registry.npmjs.org/tweetnacl/-/tweetnacl-1.0.0.tgz",
      "integrity": "sha1-cT2LgY2kIGh0C/aDhtBHnmb8ins="
    },
    "util-deprecate": {
      "version": "1.0.2",
      "resolved": "https://registry.npmjs.org/util-deprecate/-/util-deprecate-1.0.2.tgz",
      "integrity": "sha1-RQ1Nyfpw3nMnYvvS1KKJgUGaDM8="
    },
    "xtend": {
      "version": "4.0.1",
      "resolved": "https://registry.npmjs.org/xtend/-/xtend-4.0.1.tgz",
      "integrity": "sha1-pcbVMr5lbiPbgg77lDofBJmNY68="
    }
  }
}
